// !$*UTF8*$!
{
	archiveVersion = 1;
	classes = {
	};
	objectVersion = 56;
	objects = {

/* Begin PBXBuildFile section */
		FA1BA1322AA4753E00B5CDD1 /* IOS_ASM2App.swift in Sources */ = {isa = PBXBuildFile; fileRef = FA1BA1312AA4753E00B5CDD1 /* IOS_ASM2App.swift */; };
		FA1BA1342AA4753E00B5CDD1 /* ContentView.swift in Sources */ = {isa = PBXBuildFile; fileRef = FA1BA1332AA4753E00B5CDD1 /* ContentView.swift */; };
		FA1BA1362AA4754000B5CDD1 /* Assets.xcassets in Resources */ = {isa = PBXBuildFile; fileRef = FA1BA1352AA4754000B5CDD1 /* Assets.xcassets */; };
		FA1BA1392AA4754000B5CDD1 /* Preview Assets.xcassets in Resources */ = {isa = PBXBuildFile; fileRef = FA1BA1382AA4754000B5CDD1 /* Preview Assets.xcassets */; };
		FA1BA13B2AA4754000B5CDD1 /* Persistence.swift in Sources */ = {isa = PBXBuildFile; fileRef = FA1BA13A2AA4754000B5CDD1 /* Persistence.swift */; };
		FA1BA13E2AA4754000B5CDD1 /* IOS_ASM2.xcdatamodeld in Sources */ = {isa = PBXBuildFile; fileRef = FA1BA13C2AA4754000B5CDD1 /* IOS_ASM2.xcdatamodeld */; };
		FA1BA1492AA4754100B5CDD1 /* IOS_ASM2Tests.swift in Sources */ = {isa = PBXBuildFile; fileRef = FA1BA1482AA4754100B5CDD1 /* IOS_ASM2Tests.swift */; };
		FA1BA1532AA4754100B5CDD1 /* IOS_ASM2UITests.swift in Sources */ = {isa = PBXBuildFile; fileRef = FA1BA1522AA4754100B5CDD1 /* IOS_ASM2UITests.swift */; };
		FA1BA1552AA4754100B5CDD1 /* IOS_ASM2UITestsLaunchTests.swift in Sources */ = {isa = PBXBuildFile; fileRef = FA1BA1542AA4754100B5CDD1 /* IOS_ASM2UITestsLaunchTests.swift */; };
		FA1BA17E2AA5B35800B5CDD1 /* MenuView.swift in Sources */ = {isa = PBXBuildFile; fileRef = FA1BA17D2AA5B35800B5CDD1 /* MenuView.swift */; };
		FA1BA1862AA5C77F00B5CDD1 /* GameModel.swift in Sources */ = {isa = PBXBuildFile; fileRef = FA1BA1852AA5C77F00B5CDD1 /* GameModel.swift */; };
		FA1BA18A2AA5C78B00B5CDD1 /* GameView.swift in Sources */ = {isa = PBXBuildFile; fileRef = FA1BA1892AA5C78B00B5CDD1 /* GameView.swift */; };
		FA1BA1922AA5CDEF00B5CDD1 /* EasyGame.swift in Sources */ = {isa = PBXBuildFile; fileRef = FA1BA1912AA5CDEF00B5CDD1 /* EasyGame.swift */; };
		FA5DBA282AA5DB4500C45B1E /* NormalGame.swift in Sources */ = {isa = PBXBuildFile; fileRef = FA5DBA272AA5DB4500C45B1E /* NormalGame.swift */; };
		FA5DBA2C2AA5FA0200C45B1E /* HardGame.swift in Sources */ = {isa = PBXBuildFile; fileRef = FA5DBA2B2AA5FA0100C45B1E /* HardGame.swift */; };
		FA5DBA302AA6057100C45B1E /* EndGame.swift in Sources */ = {isa = PBXBuildFile; fileRef = FA5DBA2F2AA6057100C45B1E /* EndGame.swift */; };
		FA5DBA342AA6597E00C45B1E /* GameLevel.swift in Sources */ = {isa = PBXBuildFile; fileRef = FA5DBA332AA6597E00C45B1E /* GameLevel.swift */; };
		FA5DBA382AA6E9D400C45B1E /* UserData.swift in Sources */ = {isa = PBXBuildFile; fileRef = FA5DBA372AA6E9D400C45B1E /* UserData.swift */; };
		FA5DBA522AA708A200C45B1E /* LeaderboardView.swift in Sources */ = {isa = PBXBuildFile; fileRef = FA5DBA512AA708A200C45B1E /* LeaderboardView.swift */; };
		FA5DBA532AA708A200C45B1E /* LeaderboardView.swift in Sources */ = {isa = PBXBuildFile; fileRef = FA5DBA512AA708A200C45B1E /* LeaderboardView.swift */; };
		FA5DBA542AA708A200C45B1E /* LeaderboardView.swift in Sources */ = {isa = PBXBuildFile; fileRef = FA5DBA512AA708A200C45B1E /* LeaderboardView.swift */; };
		FA5DBA592AA71DD000C45B1E /* Tutorial.swift in Sources */ = {isa = PBXBuildFile; fileRef = FA5DBA582AA71DD000C45B1E /* Tutorial.swift */; };
		FA5DBA5A2AA71DD000C45B1E /* Tutorial.swift in Sources */ = {isa = PBXBuildFile; fileRef = FA5DBA582AA71DD000C45B1E /* Tutorial.swift */; };
		FA5DBA5B2AA71DD000C45B1E /* Tutorial.swift in Sources */ = {isa = PBXBuildFile; fileRef = FA5DBA582AA71DD000C45B1E /* Tutorial.swift */; };
		FA5DBA5E2AA7B0CF00C45B1E /* GameData.swift in Sources */ = {isa = PBXBuildFile; fileRef = FA5DBA5D2AA7B0CF00C45B1E /* GameData.swift */; };
		FA5DBA5F2AA7B0CF00C45B1E /* GameData.swift in Sources */ = {isa = PBXBuildFile; fileRef = FA5DBA5D2AA7B0CF00C45B1E /* GameData.swift */; };
		FA5DBA602AA7B0CF00C45B1E /* GameData.swift in Sources */ = {isa = PBXBuildFile; fileRef = FA5DBA5D2AA7B0CF00C45B1E /* GameData.swift */; };
/* End PBXBuildFile section */

/* Begin PBXContainerItemProxy section */
		FA1BA1452AA4754100B5CDD1 /* PBXContainerItemProxy */ = {
			isa = PBXContainerItemProxy;
			containerPortal = FA1BA1262AA4753E00B5CDD1 /* Project object */;
			proxyType = 1;
			remoteGlobalIDString = FA1BA12D2AA4753E00B5CDD1;
			remoteInfo = IOS_ASM2;
		};
		FA1BA14F2AA4754100B5CDD1 /* PBXContainerItemProxy */ = {
			isa = PBXContainerItemProxy;
			containerPortal = FA1BA1262AA4753E00B5CDD1 /* Project object */;
			proxyType = 1;
			remoteGlobalIDString = FA1BA12D2AA4753E00B5CDD1;
			remoteInfo = IOS_ASM2;
		};
/* End PBXContainerItemProxy section */

/* Begin PBXFileReference section */
		FA1BA12E2AA4753E00B5CDD1 /* IOS_ASM2.app */ = {isa = PBXFileReference; explicitFileType = wrapper.application; includeInIndex = 0; path = IOS_ASM2.app; sourceTree = BUILT_PRODUCTS_DIR; };
		FA1BA1312AA4753E00B5CDD1 /* IOS_ASM2App.swift */ = {isa = PBXFileReference; lastKnownFileType = sourcecode.swift; path = IOS_ASM2App.swift; sourceTree = "<group>"; };
		FA1BA1332AA4753E00B5CDD1 /* ContentView.swift */ = {isa = PBXFileReference; lastKnownFileType = sourcecode.swift; path = ContentView.swift; sourceTree = "<group>"; };
		FA1BA1352AA4754000B5CDD1 /* Assets.xcassets */ = {isa = PBXFileReference; lastKnownFileType = folder.assetcatalog; path = Assets.xcassets; sourceTree = "<group>"; };
		FA1BA1382AA4754000B5CDD1 /* Preview Assets.xcassets */ = {isa = PBXFileReference; lastKnownFileType = folder.assetcatalog; path = "Preview Assets.xcassets"; sourceTree = "<group>"; };
		FA1BA13A2AA4754000B5CDD1 /* Persistence.swift */ = {isa = PBXFileReference; lastKnownFileType = sourcecode.swift; path = Persistence.swift; sourceTree = "<group>"; };
		FA1BA13D2AA4754000B5CDD1 /* IOS_ASM2.xcdatamodel */ = {isa = PBXFileReference; lastKnownFileType = wrapper.xcdatamodel; path = IOS_ASM2.xcdatamodel; sourceTree = "<group>"; };
		FA1BA13F2AA4754000B5CDD1 /* Info.plist */ = {isa = PBXFileReference; lastKnownFileType = text.plist.xml; path = Info.plist; sourceTree = "<group>"; };
		FA1BA1442AA4754100B5CDD1 /* IOS_ASM2Tests.xctest */ = {isa = PBXFileReference; explicitFileType = wrapper.cfbundle; includeInIndex = 0; path = IOS_ASM2Tests.xctest; sourceTree = BUILT_PRODUCTS_DIR; };
		FA1BA1482AA4754100B5CDD1 /* IOS_ASM2Tests.swift */ = {isa = PBXFileReference; lastKnownFileType = sourcecode.swift; path = IOS_ASM2Tests.swift; sourceTree = "<group>"; };
		FA1BA14E2AA4754100B5CDD1 /* IOS_ASM2UITests.xctest */ = {isa = PBXFileReference; explicitFileType = wrapper.cfbundle; includeInIndex = 0; path = IOS_ASM2UITests.xctest; sourceTree = BUILT_PRODUCTS_DIR; };
		FA1BA1522AA4754100B5CDD1 /* IOS_ASM2UITests.swift */ = {isa = PBXFileReference; lastKnownFileType = sourcecode.swift; path = IOS_ASM2UITests.swift; sourceTree = "<group>"; };
		FA1BA1542AA4754100B5CDD1 /* IOS_ASM2UITestsLaunchTests.swift */ = {isa = PBXFileReference; lastKnownFileType = sourcecode.swift; path = IOS_ASM2UITestsLaunchTests.swift; sourceTree = "<group>"; };
		FA1BA17D2AA5B35800B5CDD1 /* MenuView.swift */ = {isa = PBXFileReference; lastKnownFileType = sourcecode.swift; path = MenuView.swift; sourceTree = "<group>"; };
		FA1BA1852AA5C77F00B5CDD1 /* GameModel.swift */ = {isa = PBXFileReference; lastKnownFileType = sourcecode.swift; path = GameModel.swift; sourceTree = "<group>"; };
		FA1BA1892AA5C78B00B5CDD1 /* GameView.swift */ = {isa = PBXFileReference; lastKnownFileType = sourcecode.swift; path = GameView.swift; sourceTree = "<group>"; };
		FA1BA1912AA5CDEF00B5CDD1 /* EasyGame.swift */ = {isa = PBXFileReference; lastKnownFileType = sourcecode.swift; path = EasyGame.swift; sourceTree = "<group>"; };
		FA5DBA272AA5DB4500C45B1E /* NormalGame.swift */ = {isa = PBXFileReference; lastKnownFileType = sourcecode.swift; path = NormalGame.swift; sourceTree = "<group>"; };
		FA5DBA2B2AA5FA0100C45B1E /* HardGame.swift */ = {isa = PBXFileReference; lastKnownFileType = sourcecode.swift; path = HardGame.swift; sourceTree = "<group>"; };
		FA5DBA2F2AA6057100C45B1E /* EndGame.swift */ = {isa = PBXFileReference; lastKnownFileType = sourcecode.swift; path = EndGame.swift; sourceTree = "<group>"; };
		FA5DBA332AA6597E00C45B1E /* GameLevel.swift */ = {isa = PBXFileReference; lastKnownFileType = sourcecode.swift; path = GameLevel.swift; sourceTree = "<group>"; };
		FA5DBA372AA6E9D400C45B1E /* UserData.swift */ = {isa = PBXFileReference; lastKnownFileType = sourcecode.swift; path = UserData.swift; sourceTree = "<group>"; };
		FA5DBA512AA708A200C45B1E /* LeaderboardView.swift */ = {isa = PBXFileReference; lastKnownFileType = sourcecode.swift; path = LeaderboardView.swift; sourceTree = "<group>"; };
		FA5DBA582AA71DD000C45B1E /* Tutorial.swift */ = {isa = PBXFileReference; lastKnownFileType = sourcecode.swift; path = Tutorial.swift; sourceTree = "<group>"; };
		FA5DBA5D2AA7B0CF00C45B1E /* GameData.swift */ = {isa = PBXFileReference; lastKnownFileType = sourcecode.swift; path = GameData.swift; sourceTree = "<group>"; };
/* End PBXFileReference section */

/* Begin PBXFrameworksBuildPhase section */
		FA1BA12B2AA4753E00B5CDD1 /* Frameworks */ = {
			isa = PBXFrameworksBuildPhase;
			buildActionMask = 2147483647;
			files = (
			);
			runOnlyForDeploymentPostprocessing = 0;
		};
		FA1BA1412AA4754100B5CDD1 /* Frameworks */ = {
			isa = PBXFrameworksBuildPhase;
			buildActionMask = 2147483647;
			files = (
			);
			runOnlyForDeploymentPostprocessing = 0;
		};
		FA1BA14B2AA4754100B5CDD1 /* Frameworks */ = {
			isa = PBXFrameworksBuildPhase;
			buildActionMask = 2147483647;
			files = (
			);
			runOnlyForDeploymentPostprocessing = 0;
		};
/* End PBXFrameworksBuildPhase section */

/* Begin PBXGroup section */
		FA1BA1252AA4753E00B5CDD1 = {
			isa = PBXGroup;
			children = (
				FA1BA1302AA4753E00B5CDD1 /* IOS_ASM2 */,
				FA1BA1472AA4754100B5CDD1 /* IOS_ASM2Tests */,
				FA1BA1512AA4754100B5CDD1 /* IOS_ASM2UITests */,
				FA1BA12F2AA4753E00B5CDD1 /* Products */,
			);
			sourceTree = "<group>";
		};
		FA1BA12F2AA4753E00B5CDD1 /* Products */ = {
			isa = PBXGroup;
			children = (
				FA1BA12E2AA4753E00B5CDD1 /* IOS_ASM2.app */,
				FA1BA1442AA4754100B5CDD1 /* IOS_ASM2Tests.xctest */,
				FA1BA14E2AA4754100B5CDD1 /* IOS_ASM2UITests.xctest */,
			);
			name = Products;
			sourceTree = "<group>";
		};
		FA1BA1302AA4753E00B5CDD1 /* IOS_ASM2 */ = {
			isa = PBXGroup;
			children = (
				FA1BA1312AA4753E00B5CDD1 /* IOS_ASM2App.swift */,
				FA5DBA3F2AA6F45000C45B1E /* New Group */,
				FA5DBA482AA705BF00C45B1E /* View */,
				FA5DBA5C2AA7A75C00C45B1E /* Game Level */,
				FA1BA1352AA4754000B5CDD1 /* Assets.xcassets */,
				FA1BA13A2AA4754000B5CDD1 /* Persistence.swift */,
				FA1BA13F2AA4754000B5CDD1 /* Info.plist */,
				FA1BA13C2AA4754000B5CDD1 /* IOS_ASM2.xcdatamodeld */,
				FA1BA1372AA4754000B5CDD1 /* Preview Content */,
			);
			path = IOS_ASM2;
			sourceTree = "<group>";
		};
		FA1BA1372AA4754000B5CDD1 /* Preview Content */ = {
			isa = PBXGroup;
			children = (
				FA1BA1382AA4754000B5CDD1 /* Preview Assets.xcassets */,
			);
			path = "Preview Content";
			sourceTree = "<group>";
		};
		FA1BA1472AA4754100B5CDD1 /* IOS_ASM2Tests */ = {
			isa = PBXGroup;
			children = (
				FA1BA1482AA4754100B5CDD1 /* IOS_ASM2Tests.swift */,
			);
			path = IOS_ASM2Tests;
			sourceTree = "<group>";
		};
		FA1BA1512AA4754100B5CDD1 /* IOS_ASM2UITests */ = {
			isa = PBXGroup;
			children = (
				FA1BA1522AA4754100B5CDD1 /* IOS_ASM2UITests.swift */,
				FA1BA1542AA4754100B5CDD1 /* IOS_ASM2UITestsLaunchTests.swift */,
			);
			path = IOS_ASM2UITests;
			sourceTree = "<group>";
		};
		FA5DBA3F2AA6F45000C45B1E /* New Group */ = {
			isa = PBXGroup;
			children = (
				FA1BA1852AA5C77F00B5CDD1 /* GameModel.swift */,
				FA5DBA372AA6E9D400C45B1E /* UserData.swift */,
				FA5DBA5D2AA7B0CF00C45B1E /* GameData.swift */,
			);
			path = "New Group";
			sourceTree = "<group>";
		};
		FA5DBA482AA705BF00C45B1E /* View */ = {
			isa = PBXGroup;
			children = (
				FA1BA1332AA4753E00B5CDD1 /* ContentView.swift */,
				FA1BA17D2AA5B35800B5CDD1 /* MenuView.swift */,
				FA5DBA332AA6597E00C45B1E /* GameLevel.swift */,
				FA5DBA2F2AA6057100C45B1E /* EndGame.swift */,
				FA5DBA582AA71DD000C45B1E /* Tutorial.swift */,
				FA1BA1892AA5C78B00B5CDD1 /* GameView.swift */,
				FA5DBA512AA708A200C45B1E /* LeaderboardView.swift */,
			);
			path = View;
			sourceTree = "<group>";
		};
		FA5DBA5C2AA7A75C00C45B1E /* Game Level */ = {
			isa = PBXGroup;
			children = (
				FA1BA1912AA5CDEF00B5CDD1 /* EasyGame.swift */,
				FA5DBA272AA5DB4500C45B1E /* NormalGame.swift */,
				FA5DBA2B2AA5FA0100C45B1E /* HardGame.swift */,
			);
			path = "Game Level";
			sourceTree = "<group>";
		};
/* End PBXGroup section */

/* Begin PBXNativeTarget section */
		FA1BA12D2AA4753E00B5CDD1 /* IOS_ASM2 */ = {
			isa = PBXNativeTarget;
			buildConfigurationList = FA1BA1582AA4754100B5CDD1 /* Build configuration list for PBXNativeTarget "IOS_ASM2" */;
			buildPhases = (
				FA1BA12A2AA4753E00B5CDD1 /* Sources */,
				FA1BA12B2AA4753E00B5CDD1 /* Frameworks */,
				FA1BA12C2AA4753E00B5CDD1 /* Resources */,
			);
			buildRules = (
			);
			dependencies = (
			);
			name = IOS_ASM2;
			productName = IOS_ASM2;
			productReference = FA1BA12E2AA4753E00B5CDD1 /* IOS_ASM2.app */;
			productType = "com.apple.product-type.application";
		};
		FA1BA1432AA4754100B5CDD1 /* IOS_ASM2Tests */ = {
			isa = PBXNativeTarget;
			buildConfigurationList = FA1BA15B2AA4754100B5CDD1 /* Build configuration list for PBXNativeTarget "IOS_ASM2Tests" */;
			buildPhases = (
				FA1BA1402AA4754100B5CDD1 /* Sources */,
				FA1BA1412AA4754100B5CDD1 /* Frameworks */,
				FA1BA1422AA4754100B5CDD1 /* Resources */,
			);
			buildRules = (
			);
			dependencies = (
				FA1BA1462AA4754100B5CDD1 /* PBXTargetDependency */,
			);
			name = IOS_ASM2Tests;
			productName = IOS_ASM2Tests;
			productReference = FA1BA1442AA4754100B5CDD1 /* IOS_ASM2Tests.xctest */;
			productType = "com.apple.product-type.bundle.unit-test";
		};
		FA1BA14D2AA4754100B5CDD1 /* IOS_ASM2UITests */ = {
			isa = PBXNativeTarget;
			buildConfigurationList = FA1BA15E2AA4754100B5CDD1 /* Build configuration list for PBXNativeTarget "IOS_ASM2UITests" */;
			buildPhases = (
				FA1BA14A2AA4754100B5CDD1 /* Sources */,
				FA1BA14B2AA4754100B5CDD1 /* Frameworks */,
				FA1BA14C2AA4754100B5CDD1 /* Resources */,
			);
			buildRules = (
			);
			dependencies = (
				FA1BA1502AA4754100B5CDD1 /* PBXTargetDependency */,
			);
			name = IOS_ASM2UITests;
			productName = IOS_ASM2UITests;
			productReference = FA1BA14E2AA4754100B5CDD1 /* IOS_ASM2UITests.xctest */;
			productType = "com.apple.product-type.bundle.ui-testing";
		};
/* End PBXNativeTarget section */

/* Begin PBXProject section */
		FA1BA1262AA4753E00B5CDD1 /* Project object */ = {
			isa = PBXProject;
			attributes = {
				BuildIndependentTargetsInParallel = 1;
				LastSwiftUpdateCheck = 1430;
				LastUpgradeCheck = 1430;
				TargetAttributes = {
					FA1BA12D2AA4753E00B5CDD1 = {
						CreatedOnToolsVersion = 14.3.1;
					};
					FA1BA1432AA4754100B5CDD1 = {
						CreatedOnToolsVersion = 14.3.1;
						TestTargetID = FA1BA12D2AA4753E00B5CDD1;
					};
					FA1BA14D2AA4754100B5CDD1 = {
						CreatedOnToolsVersion = 14.3.1;
						TestTargetID = FA1BA12D2AA4753E00B5CDD1;
					};
				};
			};
			buildConfigurationList = FA1BA1292AA4753E00B5CDD1 /* Build configuration list for PBXProject "IOS_ASM2" */;
			compatibilityVersion = "Xcode 14.0";
			developmentRegion = en;
			hasScannedForEncodings = 0;
			knownRegions = (
				en,
				Base,
			);
			mainGroup = FA1BA1252AA4753E00B5CDD1;
			productRefGroup = FA1BA12F2AA4753E00B5CDD1 /* Products */;
			projectDirPath = "";
			projectRoot = "";
			targets = (
				FA1BA12D2AA4753E00B5CDD1 /* IOS_ASM2 */,
				FA1BA1432AA4754100B5CDD1 /* IOS_ASM2Tests */,
				FA1BA14D2AA4754100B5CDD1 /* IOS_ASM2UITests */,
			);
		};
/* End PBXProject section */

/* Begin PBXResourcesBuildPhase section */
		FA1BA12C2AA4753E00B5CDD1 /* Resources */ = {
			isa = PBXResourcesBuildPhase;
			buildActionMask = 2147483647;
			files = (
				FA1BA1392AA4754000B5CDD1 /* Preview Assets.xcassets in Resources */,
				FA1BA1362AA4754000B5CDD1 /* Assets.xcassets in Resources */,
			);
			runOnlyForDeploymentPostprocessing = 0;
		};
		FA1BA1422AA4754100B5CDD1 /* Resources */ = {
			isa = PBXResourcesBuildPhase;
			buildActionMask = 2147483647;
			files = (
			);
			runOnlyForDeploymentPostprocessing = 0;
		};
		FA1BA14C2AA4754100B5CDD1 /* Resources */ = {
			isa = PBXResourcesBuildPhase;
			buildActionMask = 2147483647;
			files = (
			);
			runOnlyForDeploymentPostprocessing = 0;
		};
/* End PBXResourcesBuildPhase section */

/* Begin PBXSourcesBuildPhase section */
		FA1BA12A2AA4753E00B5CDD1 /* Sources */ = {
			isa = PBXSourcesBuildPhase;
			buildActionMask = 2147483647;
			files = (
				FA5DBA522AA708A200C45B1E /* LeaderboardView.swift in Sources */,
				FA5DBA382AA6E9D400C45B1E /* UserData.swift in Sources */,
				FA5DBA592AA71DD000C45B1E /* Tutorial.swift in Sources */,
				FA5DBA282AA5DB4500C45B1E /* NormalGame.swift in Sources */,
				FA1BA13B2AA4754000B5CDD1 /* Persistence.swift in Sources */,
				FA5DBA2C2AA5FA0200C45B1E /* HardGame.swift in Sources */,
				FA5DBA302AA6057100C45B1E /* EndGame.swift in Sources */,
				FA5DBA5E2AA7B0CF00C45B1E /* GameData.swift in Sources */,
				FA5DBA342AA6597E00C45B1E /* GameLevel.swift in Sources */,
				FA1BA17E2AA5B35800B5CDD1 /* MenuView.swift in Sources */,
				FA1BA1342AA4753E00B5CDD1 /* ContentView.swift in Sources */,
				FA1BA13E2AA4754000B5CDD1 /* IOS_ASM2.xcdatamodeld in Sources */,
				FA1BA1322AA4753E00B5CDD1 /* IOS_ASM2App.swift in Sources */,
				FA1BA1922AA5CDEF00B5CDD1 /* EasyGame.swift in Sources */,
				FA1BA1862AA5C77F00B5CDD1 /* GameModel.swift in Sources */,
				FA1BA18A2AA5C78B00B5CDD1 /* GameView.swift in Sources */,
			);
			runOnlyForDeploymentPostprocessing = 0;
		};
		FA1BA1402AA4754100B5CDD1 /* Sources */ = {
			isa = PBXSourcesBuildPhase;
			buildActionMask = 2147483647;
			files = (
				FA5DBA532AA708A200C45B1E /* LeaderboardView.swift in Sources */,
				FA5DBA5F2AA7B0CF00C45B1E /* GameData.swift in Sources */,
				FA1BA1492AA4754100B5CDD1 /* IOS_ASM2Tests.swift in Sources */,
				FA5DBA5A2AA71DD000C45B1E /* Tutorial.swift in Sources */,
			);
			runOnlyForDeploymentPostprocessing = 0;
		};
		FA1BA14A2AA4754100B5CDD1 /* Sources */ = {
			isa = PBXSourcesBuildPhase;
			buildActionMask = 2147483647;
			files = (
				FA5DBA542AA708A200C45B1E /* LeaderboardView.swift in Sources */,
				FA5DBA5B2AA71DD000C45B1E /* Tutorial.swift in Sources */,
				FA1BA1552AA4754100B5CDD1 /* IOS_ASM2UITestsLaunchTests.swift in Sources */,
				FA5DBA602AA7B0CF00C45B1E /* GameData.swift in Sources */,
				FA1BA1532AA4754100B5CDD1 /* IOS_ASM2UITests.swift in Sources */,
			);
			runOnlyForDeploymentPostprocessing = 0;
		};
/* End PBXSourcesBuildPhase section */

/* Begin PBXTargetDependency section */
		FA1BA1462AA4754100B5CDD1 /* PBXTargetDependency */ = {
			isa = PBXTargetDependency;
			target = FA1BA12D2AA4753E00B5CDD1 /* IOS_ASM2 */;
			targetProxy = FA1BA1452AA4754100B5CDD1 /* PBXContainerItemProxy */;
		};
		FA1BA1502AA4754100B5CDD1 /* PBXTargetDependency */ = {
			isa = PBXTargetDependency;
			target = FA1BA12D2AA4753E00B5CDD1 /* IOS_ASM2 */;
			targetProxy = FA1BA14F2AA4754100B5CDD1 /* PBXContainerItemProxy */;
		};
/* End PBXTargetDependency section */

/* Begin XCBuildConfiguration section */
		FA1BA1562AA4754100B5CDD1 /* Debug */ = {
			isa = XCBuildConfiguration;
			buildSettings = {
				ALWAYS_SEARCH_USER_PATHS = NO;
				CLANG_ANALYZER_NONNULL = YES;
				CLANG_ANALYZER_NUMBER_OBJECT_CONVERSION = YES_AGGRESSIVE;
				CLANG_CXX_LANGUAGE_STANDARD = "gnu++20";
				CLANG_ENABLE_MODULES = YES;
				CLANG_ENABLE_OBJC_ARC = YES;
				CLANG_ENABLE_OBJC_WEAK = YES;
				CLANG_WARN_BLOCK_CAPTURE_AUTORELEASING = YES;
				CLANG_WARN_BOOL_CONVERSION = YES;
				CLANG_WARN_COMMA = YES;
				CLANG_WARN_CONSTANT_CONVERSION = YES;
				CLANG_WARN_DEPRECATED_OBJC_IMPLEMENTATIONS = YES;
				CLANG_WARN_DIRECT_OBJC_ISA_USAGE = YES_ERROR;
				CLANG_WARN_DOCUMENTATION_COMMENTS = YES;
				CLANG_WARN_EMPTY_BODY = YES;
				CLANG_WARN_ENUM_CONVERSION = YES;
				CLANG_WARN_INFINITE_RECURSION = YES;
				CLANG_WARN_INT_CONVERSION = YES;
				CLANG_WARN_NON_LITERAL_NULL_CONVERSION = YES;
				CLANG_WARN_OBJC_IMPLICIT_RETAIN_SELF = YES;
				CLANG_WARN_OBJC_LITERAL_CONVERSION = YES;
				CLANG_WARN_OBJC_ROOT_CLASS = YES_ERROR;
				CLANG_WARN_QUOTED_INCLUDE_IN_FRAMEWORK_HEADER = YES;
				CLANG_WARN_RANGE_LOOP_ANALYSIS = YES;
				CLANG_WARN_STRICT_PROTOTYPES = YES;
				CLANG_WARN_SUSPICIOUS_MOVE = YES;
				CLANG_WARN_UNGUARDED_AVAILABILITY = YES_AGGRESSIVE;
				CLANG_WARN_UNREACHABLE_CODE = YES;
				CLANG_WARN__DUPLICATE_METHOD_MATCH = YES;
				COPY_PHASE_STRIP = NO;
				DEBUG_INFORMATION_FORMAT = dwarf;
				ENABLE_STRICT_OBJC_MSGSEND = YES;
				ENABLE_TESTABILITY = YES;
				GCC_C_LANGUAGE_STANDARD = gnu11;
				GCC_DYNAMIC_NO_PIC = NO;
				GCC_NO_COMMON_BLOCKS = YES;
				GCC_OPTIMIZATION_LEVEL = 0;
				GCC_PREPROCESSOR_DEFINITIONS = (
					"DEBUG=1",
					"$(inherited)",
				);
				GCC_WARN_64_TO_32_BIT_CONVERSION = YES;
				GCC_WARN_ABOUT_RETURN_TYPE = YES_ERROR;
				GCC_WARN_UNDECLARED_SELECTOR = YES;
				GCC_WARN_UNINITIALIZED_AUTOS = YES_AGGRESSIVE;
				GCC_WARN_UNUSED_FUNCTION = YES;
				GCC_WARN_UNUSED_VARIABLE = YES;
				IPHONEOS_DEPLOYMENT_TARGET = 16.4;
				MTL_ENABLE_DEBUG_INFO = INCLUDE_SOURCE;
				MTL_FAST_MATH = YES;
				ONLY_ACTIVE_ARCH = YES;
				SDKROOT = iphoneos;
				SWIFT_ACTIVE_COMPILATION_CONDITIONS = DEBUG;
				SWIFT_OPTIMIZATION_LEVEL = "-Onone";
			};
			name = Debug;
		};
		FA1BA1572AA4754100B5CDD1 /* Release */ = {
			isa = XCBuildConfiguration;
			buildSettings = {
				ALWAYS_SEARCH_USER_PATHS = NO;
				CLANG_ANALYZER_NONNULL = YES;
				CLANG_ANALYZER_NUMBER_OBJECT_CONVERSION = YES_AGGRESSIVE;
				CLANG_CXX_LANGUAGE_STANDARD = "gnu++20";
				CLANG_ENABLE_MODULES = YES;
				CLANG_ENABLE_OBJC_ARC = YES;
				CLANG_ENABLE_OBJC_WEAK = YES;
				CLANG_WARN_BLOCK_CAPTURE_AUTORELEASING = YES;
				CLANG_WARN_BOOL_CONVERSION = YES;
				CLANG_WARN_COMMA = YES;
				CLANG_WARN_CONSTANT_CONVERSION = YES;
				CLANG_WARN_DEPRECATED_OBJC_IMPLEMENTATIONS = YES;
				CLANG_WARN_DIRECT_OBJC_ISA_USAGE = YES_ERROR;
				CLANG_WARN_DOCUMENTATION_COMMENTS = YES;
				CLANG_WARN_EMPTY_BODY = YES;
				CLANG_WARN_ENUM_CONVERSION = YES;
				CLANG_WARN_INFINITE_RECURSION = YES;
				CLANG_WARN_INT_CONVERSION = YES;
				CLANG_WARN_NON_LITERAL_NULL_CONVERSION = YES;
				CLANG_WARN_OBJC_IMPLICIT_RETAIN_SELF = YES;
				CLANG_WARN_OBJC_LITERAL_CONVERSION = YES;
				CLANG_WARN_OBJC_ROOT_CLASS = YES_ERROR;
				CLANG_WARN_QUOTED_INCLUDE_IN_FRAMEWORK_HEADER = YES;
				CLANG_WARN_RANGE_LOOP_ANALYSIS = YES;
				CLANG_WARN_STRICT_PROTOTYPES = YES;
				CLANG_WARN_SUSPICIOUS_MOVE = YES;
				CLANG_WARN_UNGUARDED_AVAILABILITY = YES_AGGRESSIVE;
				CLANG_WARN_UNREACHABLE_CODE = YES;
				CLANG_WARN__DUPLICATE_METHOD_MATCH = YES;
				COPY_PHASE_STRIP = NO;
				DEBUG_INFORMATION_FORMAT = "dwarf-with-dsym";
				ENABLE_NS_ASSERTIONS = NO;
				ENABLE_STRICT_OBJC_MSGSEND = YES;
				GCC_C_LANGUAGE_STANDARD = gnu11;
				GCC_NO_COMMON_BLOCKS = YES;
				GCC_WARN_64_TO_32_BIT_CONVERSION = YES;
				GCC_WARN_ABOUT_RETURN_TYPE = YES_ERROR;
				GCC_WARN_UNDECLARED_SELECTOR = YES;
				GCC_WARN_UNINITIALIZED_AUTOS = YES_AGGRESSIVE;
				GCC_WARN_UNUSED_FUNCTION = YES;
				GCC_WARN_UNUSED_VARIABLE = YES;
				IPHONEOS_DEPLOYMENT_TARGET = 16.4;
				MTL_ENABLE_DEBUG_INFO = NO;
				MTL_FAST_MATH = YES;
				SDKROOT = iphoneos;
				SWIFT_COMPILATION_MODE = wholemodule;
				SWIFT_OPTIMIZATION_LEVEL = "-O";
				VALIDATE_PRODUCT = YES;
			};
			name = Release;
		};
		FA1BA1592AA4754100B5CDD1 /* Debug */ = {
			isa = XCBuildConfiguration;
			buildSettings = {
				ASSETCATALOG_COMPILER_APPICON_NAME = AppIcon;
				ASSETCATALOG_COMPILER_GLOBAL_ACCENT_COLOR_NAME = AccentColor;
				CODE_SIGN_STYLE = Automatic;
				CURRENT_PROJECT_VERSION = 1;
				DEVELOPMENT_ASSET_PATHS = "\"IOS_ASM2/Preview Content\"";
				ENABLE_PREVIEWS = YES;
				GENERATE_INFOPLIST_FILE = YES;
				INFOPLIST_KEY_UIApplicationSceneManifest_Generation = YES;
				INFOPLIST_KEY_UIApplicationSupportsIndirectInputEvents = YES;
				INFOPLIST_KEY_UILaunchScreen_Generation = YES;
				INFOPLIST_KEY_UISupportedInterfaceOrientations_iPad = "UIInterfaceOrientationPortrait UIInterfaceOrientationPortraitUpsideDown UIInterfaceOrientationLandscapeLeft UIInterfaceOrientationLandscapeRight";
				INFOPLIST_KEY_UISupportedInterfaceOrientations_iPhone = "UIInterfaceOrientationPortrait UIInterfaceOrientationLandscapeLeft UIInterfaceOrientationLandscapeRight";
				LD_RUNPATH_SEARCH_PATHS = (
					"$(inherited)",
					"@executable_path/Frameworks",
				);
				MARKETING_VERSION = 1.0;
				PRODUCT_BUNDLE_IDENTIFIER = "rmit.IOS-ASM2";
				PRODUCT_NAME = "$(TARGET_NAME)";
				SWIFT_EMIT_LOC_STRINGS = YES;
				SWIFT_VERSION = 5.0;
				TARGETED_DEVICE_FAMILY = "1,2";
			};
			name = Debug;
		};
		FA1BA15A2AA4754100B5CDD1 /* Release */ = {
			isa = XCBuildConfiguration;
			buildSettings = {
				ASSETCATALOG_COMPILER_APPICON_NAME = AppIcon;
				ASSETCATALOG_COMPILER_GLOBAL_ACCENT_COLOR_NAME = AccentColor;
				CODE_SIGN_STYLE = Automatic;
				CURRENT_PROJECT_VERSION = 1;
				DEVELOPMENT_ASSET_PATHS = "\"IOS_ASM2/Preview Content\"";
				ENABLE_PREVIEWS = YES;
				GENERATE_INFOPLIST_FILE = YES;
				INFOPLIST_KEY_UIApplicationSceneManifest_Generation = YES;
				INFOPLIST_KEY_UIApplicationSupportsIndirectInputEvents = YES;
				INFOPLIST_KEY_UILaunchScreen_Generation = YES;
				INFOPLIST_KEY_UISupportedInterfaceOrientations_iPad = "UIInterfaceOrientationPortrait UIInterfaceOrientationPortraitUpsideDown UIInterfaceOrientationLandscapeLeft UIInterfaceOrientationLandscapeRight";
				INFOPLIST_KEY_UISupportedInterfaceOrientations_iPhone = "UIInterfaceOrientationPortrait UIInterfaceOrientationLandscapeLeft UIInterfaceOrientationLandscapeRight";
				LD_RUNPATH_SEARCH_PATHS = (
					"$(inherited)",
					"@executable_path/Frameworks",
				);
				MARKETING_VERSION = 1.0;
				PRODUCT_BUNDLE_IDENTIFIER = "rmit.IOS-ASM2";
				PRODUCT_NAME = "$(TARGET_NAME)";
				SWIFT_EMIT_LOC_STRINGS = YES;
				SWIFT_VERSION = 5.0;
				TARGETED_DEVICE_FAMILY = "1,2";
			};
			name = Release;
		};
		FA1BA15C2AA4754100B5CDD1 /* Debug */ = {
			isa = XCBuildConfiguration;
			buildSettings = {
				ALWAYS_EMBED_SWIFT_STANDARD_LIBRARIES = YES;
				BUNDLE_LOADER = "$(TEST_HOST)";
				CODE_SIGN_STYLE = Automatic;
				CURRENT_PROJECT_VERSION = 1;
				GENERATE_INFOPLIST_FILE = YES;
				IPHONEOS_DEPLOYMENT_TARGET = 16.4;
				MARKETING_VERSION = 1.0;
				PRODUCT_BUNDLE_IDENTIFIER = "rmit.IOS-ASM2Tests";
				PRODUCT_NAME = "$(TARGET_NAME)";
				SWIFT_EMIT_LOC_STRINGS = NO;
				SWIFT_VERSION = 5.0;
				TARGETED_DEVICE_FAMILY = "1,2";
				TEST_HOST = "$(BUILT_PRODUCTS_DIR)/IOS_ASM2.app/$(BUNDLE_EXECUTABLE_FOLDER_PATH)/IOS_ASM2";
			};
			name = Debug;
		};
		FA1BA15D2AA4754100B5CDD1 /* Release */ = {
			isa = XCBuildConfiguration;
			buildSettings = {
				ALWAYS_EMBED_SWIFT_STANDARD_LIBRARIES = YES;
				BUNDLE_LOADER = "$(TEST_HOST)";
				CODE_SIGN_STYLE = Automatic;
				CURRENT_PROJECT_VERSION = 1;
				GENERATE_INFOPLIST_FILE = YES;
				IPHONEOS_DEPLOYMENT_TARGET = 16.4;
				MARKETING_VERSION = 1.0;
				PRODUCT_BUNDLE_IDENTIFIER = "rmit.IOS-ASM2Tests";
				PRODUCT_NAME = "$(TARGET_NAME)";
				SWIFT_EMIT_LOC_STRINGS = NO;
				SWIFT_VERSION = 5.0;
				TARGETED_DEVICE_FAMILY = "1,2";
				TEST_HOST = "$(BUILT_PRODUCTS_DIR)/IOS_ASM2.app/$(BUNDLE_EXECUTABLE_FOLDER_PATH)/IOS_ASM2";
			};
			name = Release;
		};
		FA1BA15F2AA4754100B5CDD1 /* Debug */ = {
			isa = XCBuildConfiguration;
			buildSettings = {
				ALWAYS_EMBED_SWIFT_STANDARD_LIBRARIES = YES;
				CODE_SIGN_STYLE = Automatic;
				CURRENT_PROJECT_VERSION = 1;
				GENERATE_INFOPLIST_FILE = YES;
				MARKETING_VERSION = 1.0;
				PRODUCT_BUNDLE_IDENTIFIER = "rmit.IOS-ASM2UITests";
				PRODUCT_NAME = "$(TARGET_NAME)";
				SWIFT_EMIT_LOC_STRINGS = NO;
				SWIFT_VERSION = 5.0;
				TARGETED_DEVICE_FAMILY = "1,2";
				TEST_TARGET_NAME = IOS_ASM2;
			};
			name = Debug;
		};
		FA1BA1602AA4754100B5CDD1 /* Release */ = {
			isa = XCBuildConfiguration;
			buildSettings = {
				ALWAYS_EMBED_SWIFT_STANDARD_LIBRARIES = YES;
				CODE_SIGN_STYLE = Automatic;
				CURRENT_PROJECT_VERSION = 1;
				GENERATE_INFOPLIST_FILE = YES;
				MARKETING_VERSION = 1.0;
				PRODUCT_BUNDLE_IDENTIFIER = "rmit.IOS-ASM2UITests";
				PRODUCT_NAME = "$(TARGET_NAME)";
				SWIFT_EMIT_LOC_STRINGS = NO;
				SWIFT_VERSION = 5.0;
				TARGETED_DEVICE_FAMILY = "1,2";
				TEST_TARGET_NAME = IOS_ASM2;
			};
			name = Release;
		};
/* End XCBuildConfiguration section */

/* Begin XCConfigurationList section */
		FA1BA1292AA4753E00B5CDD1 /* Build configuration list for PBXProject "IOS_ASM2" */ = {
			isa = XCConfigurationList;
			buildConfigurations = (
				FA1BA1562AA4754100B5CDD1 /* Debug */,
				FA1BA1572AA4754100B5CDD1 /* Release */,
			);
			defaultConfigurationIsVisible = 0;
			defaultConfigurationName = Release;
		};
		FA1BA1582AA4754100B5CDD1 /* Build configuration list for PBXNativeTarget "IOS_ASM2" */ = {
			isa = XCConfigurationList;
			buildConfigurations = (
				FA1BA1592AA4754100B5CDD1 /* Debug */,
				FA1BA15A2AA4754100B5CDD1 /* Release */,
			);
			defaultConfigurationIsVisible = 0;
			defaultConfigurationName = Release;
		};
		FA1BA15B2AA4754100B5CDD1 /* Build configuration list for PBXNativeTarget "IOS_ASM2Tests" */ = {
			isa = XCConfigurationList;
			buildConfigurations = (
				FA1BA15C2AA4754100B5CDD1 /* Debug */,
				FA1BA15D2AA4754100B5CDD1 /* Release */,
			);
			defaultConfigurationIsVisible = 0;
			defaultConfigurationName = Release;
		};
		FA1BA15E2AA4754100B5CDD1 /* Build configuration list for PBXNativeTarget "IOS_ASM2UITests" */ = {
			isa = XCConfigurationList;
			buildConfigurations = (
				FA1BA15F2AA4754100B5CDD1 /* Debug */,
				FA1BA1602AA4754100B5CDD1 /* Release */,
			);
			defaultConfigurationIsVisible = 0;
			defaultConfigurationName = Release;
		};
/* End XCConfigurationList section */

/* Begin XCVersionGroup section */
		FA1BA13C2AA4754000B5CDD1 /* IOS_ASM2.xcdatamodeld */ = {
			isa = XCVersionGroup;
			children = (
				FA1BA13D2AA4754000B5CDD1 /* IOS_ASM2.xcdatamodel */,
			);
			currentVersion = FA1BA13D2AA4754000B5CDD1 /* IOS_ASM2.xcdatamodel */;
			path = IOS_ASM2.xcdatamodeld;
			sourceTree = "<group>";
			versionGroupType = wrapper.xcdatamodel;
		};
/* End XCVersionGroup section */
	};
	rootObject = FA1BA1262AA4753E00B5CDD1 /* Project object */;
}
